// !$*UTF8*$!
{
	archiveVersion = 1;
	classes = {
	};
	objectVersion = 56;
	objects = {

/* Begin PBXBuildFile section */
		BA6C81BC2B8CBBDF00C507B8 /* todolistApp.swift in Sources */ = {isa = PBXBuildFile; fileRef = BA6C81BB2B8CBBDF00C507B8 /* todolistApp.swift */; };
		BA6C81BE2B8CBBDF00C507B8 /* ContentView.swift in Sources */ = {isa = PBXBuildFile; fileRef = BA6C81BD2B8CBBDF00C507B8 /* ContentView.swift */; };
		BA6C81C02B8CBBE100C507B8 /* Assets.xcassets in Resources */ = {isa = PBXBuildFile; fileRef = BA6C81BF2B8CBBE100C507B8 /* Assets.xcassets */; };
		BA6C81C32B8CBBE100C507B8 /* Preview Assets.xcassets in Resources */ = {isa = PBXBuildFile; fileRef = BA6C81C22B8CBBE100C507B8 /* Preview Assets.xcassets */; };
		BA6C81CD2B8CBBE100C507B8 /* todolistTests.swift in Sources */ = {isa = PBXBuildFile; fileRef = BA6C81CC2B8CBBE100C507B8 /* todolistTests.swift */; };
		BA6C81D72B8CBBE100C507B8 /* todolistUITests.swift in Sources */ = {isa = PBXBuildFile; fileRef = BA6C81D62B8CBBE100C507B8 /* todolistUITests.swift */; };
		BA6C81D92B8CBBE100C507B8 /* todolistUITestsLaunchTests.swift in Sources */ = {isa = PBXBuildFile; fileRef = BA6C81D82B8CBBE100C507B8 /* todolistUITestsLaunchTests.swift */; };
/* End PBXBuildFile section */

/* Begin PBXContainerItemProxy section */
		BA6C81C92B8CBBE100C507B8 /* PBXContainerItemProxy */ = {
			isa = PBXContainerItemProxy;
			containerPortal = BA6C81B02B8CBBDF00C507B8 /* Project object */;
			proxyType = 1;
			remoteGlobalIDString = BA6C81B72B8CBBDF00C507B8;
			remoteInfo = todolist;
		};
		BA6C81D32B8CBBE100C507B8 /* PBXContainerItemProxy */ = {
			isa = PBXContainerItemProxy;
			containerPortal = BA6C81B02B8CBBDF00C507B8 /* Project object */;
			proxyType = 1;
			remoteGlobalIDString = BA6C81B72B8CBBDF00C507B8;
			remoteInfo = todolist;
		};
/* End PBXContainerItemProxy section */

/* Begin PBXFileReference section */
		BA6C81B82B8CBBDF00C507B8 /* todolist.app */ = {isa = PBXFileReference; explicitFileType = wrapper.application; includeInIndex = 0; path = todolist.app; sourceTree = BUILT_PRODUCTS_DIR; };
		BA6C81BB2B8CBBDF00C507B8 /* todolistApp.swift */ = {isa = PBXFileReference; lastKnownFileType = sourcecode.swift; path = todolistApp.swift; sourceTree = "<group>"; };
		BA6C81BD2B8CBBDF00C507B8 /* ContentView.swift */ = {isa = PBXFileReference; lastKnownFileType = sourcecode.swift; path = ContentView.swift; sourceTree = "<group>"; };
		BA6C81BF2B8CBBE100C507B8 /* Assets.xcassets */ = {isa = PBXFileReference; lastKnownFileType = folder.assetcatalog; path = Assets.xcassets; sourceTree = "<group>"; };
		BA6C81C22B8CBBE100C507B8 /* Preview Assets.xcassets */ = {isa = PBXFileReference; lastKnownFileType = folder.assetcatalog; path = "Preview Assets.xcassets"; sourceTree = "<group>"; };
		BA6C81C82B8CBBE100C507B8 /* todolistTests.xctest */ = {isa = PBXFileReference; explicitFileType = wrapper.cfbundle; includeInIndex = 0; path = todolistTests.xctest; sourceTree = BUILT_PRODUCTS_DIR; };
		BA6C81CC2B8CBBE100C507B8 /* todolistTests.swift */ = {isa = PBXFileReference; lastKnownFileType = sourcecode.swift; path = todolistTests.swift; sourceTree = "<group>"; };
		BA6C81D22B8CBBE100C507B8 /* todolistUITests.xctest */ = {isa = PBXFileReference; explicitFileType = wrapper.cfbundle; includeInIndex = 0; path = todolistUITests.xctest; sourceTree = BUILT_PRODUCTS_DIR; };
		BA6C81D62B8CBBE100C507B8 /* todolistUITests.swift */ = {isa = PBXFileReference; lastKnownFileType = sourcecode.swift; path = todolistUITests.swift; sourceTree = "<group>"; };
		BA6C81D82B8CBBE100C507B8 /* todolistUITestsLaunchTests.swift */ = {isa = PBXFileReference; lastKnownFileType = sourcecode.swift; path = todolistUITestsLaunchTests.swift; sourceTree = "<group>"; };
/* End PBXFileReference section */

/* Begin PBXFrameworksBuildPhase section */
		BA6C81B52B8CBBDF00C507B8 /* Frameworks */ = {
			isa = PBXFrameworksBuildPhase;
			buildActionMask = 2147483647;
			files = (
			);
			runOnlyForDeploymentPostprocessing = 0;
		};
		BA6C81C52B8CBBE100C507B8 /* Frameworks */ = {
			isa = PBXFrameworksBuildPhase;
			buildActionMask = 2147483647;
			files = (
			);
			runOnlyForDeploymentPostprocessing = 0;
		};
		BA6C81CF2B8CBBE100C507B8 /* Frameworks */ = {
			isa = PBXFrameworksBuildPhase;
			buildActionMask = 2147483647;
			files = (
			);
			runOnlyForDeploymentPostprocessing = 0;
		};
/* End PBXFrameworksBuildPhase section */

/* Begin PBXGroup section */
		BA6C81AF2B8CBBDF00C507B8 = {
			isa = PBXGroup;
			children = (
				BA6C81BA2B8CBBDF00C507B8 /* todolist */,
				BA6C81CB2B8CBBE100C507B8 /* todolistTests */,
				BA6C81D52B8CBBE100C507B8 /* todolistUITests */,
				BA6C81B92B8CBBDF00C507B8 /* Products */,
			);
			sourceTree = "<group>";
		};
		BA6C81B92B8CBBDF00C507B8 /* Products */ = {
			isa = PBXGroup;
			children = (
				BA6C81B82B8CBBDF00C507B8 /* todolist.app */,
				BA6C81C82B8CBBE100C507B8 /* todolistTests.xctest */,
				BA6C81D22B8CBBE100C507B8 /* todolistUITests.xctest */,
			);
			name = Products;
			sourceTree = "<group>";
		};
		BA6C81BA2B8CBBDF00C507B8 /* todolist */ = {
			isa = PBXGroup;
			children = (
				BA6C81BB2B8CBBDF00C507B8 /* todolistApp.swift */,
				BA6C81BD2B8CBBDF00C507B8 /* ContentView.swift */,
				BA6C81BF2B8CBBE100C507B8 /* Assets.xcassets */,
				BA6C81C12B8CBBE100C507B8 /* Preview Content */,
			);
			path = todolist;
			sourceTree = "<group>";
		};
		BA6C81C12B8CBBE100C507B8 /* Preview Content */ = {
			isa = PBXGroup;
			children = (
				BA6C81C22B8CBBE100C507B8 /* Preview Assets.xcassets */,
			);
			path = "Preview Content";
			sourceTree = "<group>";
		};
		BA6C81CB2B8CBBE100C507B8 /* todolistTests */ = {
			isa = PBXGroup;
			children = (
				BA6C81CC2B8CBBE100C507B8 /* todolistTests.swift */,
			);
			path = todolistTests;
			sourceTree = "<group>";
		};
		BA6C81D52B8CBBE100C507B8 /* todolistUITests */ = {
			isa = PBXGroup;
			children = (
				BA6C81D62B8CBBE100C507B8 /* todolistUITests.swift */,
				BA6C81D82B8CBBE100C507B8 /* todolistUITestsLaunchTests.swift */,
			);
			path = todolistUITests;
			sourceTree = "<group>";
		};
/* End PBXGroup section */

/* Begin PBXNativeTarget section */
		BA6C81B72B8CBBDF00C507B8 /* todolist */ = {
			isa = PBXNativeTarget;
			buildConfigurationList = BA6C81DC2B8CBBE100C507B8 /* Build configuration list for PBXNativeTarget "todolist" */;
			buildPhases = (
				BA6C81B42B8CBBDF00C507B8 /* Sources */,
				BA6C81B52B8CBBDF00C507B8 /* Frameworks */,
				BA6C81B62B8CBBDF00C507B8 /* Resources */,
			);
			buildRules = (
			);
			dependencies = (
			);
			name = todolist;
			productName = todolist;
			productReference = BA6C81B82B8CBBDF00C507B8 /* todolist.app */;
			productType = "com.apple.product-type.application";
		};
		BA6C81C72B8CBBE100C507B8 /* todolistTests */ = {
			isa = PBXNativeTarget;
			buildConfigurationList = BA6C81DF2B8CBBE100C507B8 /* Build configuration list for PBXNativeTarget "todolistTests" */;
			buildPhases = (
				BA6C81C42B8CBBE100C507B8 /* Sources */,
				BA6C81C52B8CBBE100C507B8 /* Frameworks */,
				BA6C81C62B8CBBE100C507B8 /* Resources */,
			);
			buildRules = (
			);
			dependencies = (
				BA6C81CA2B8CBBE100C507B8 /* PBXTargetDependency */,
			);
			name = todolistTests;
			productName = todolistTests;
			productReference = BA6C81C82B8CBBE100C507B8 /* todolistTests.xctest */;
			productType = "com.apple.product-type.bundle.unit-test";
		};
		BA6C81D12B8CBBE100C507B8 /* todolistUITests */ = {
			isa = PBXNativeTarget;
			buildConfigurationList = BA6C81E22B8CBBE100C507B8 /* Build configuration list for PBXNativeTarget "todolistUITests" */;
			buildPhases = (
				BA6C81CE2B8CBBE100C507B8 /* Sources */,
				BA6C81CF2B8CBBE100C507B8 /* Frameworks */,
				BA6C81D02B8CBBE100C507B8 /* Resources */,
			);
			buildRules = (
			);
			dependencies = (
				BA6C81D42B8CBBE100C507B8 /* PBXTargetDependency */,
			);
			name = todolistUITests;
			productName = todolistUITests;
			productReference = BA6C81D22B8CBBE100C507B8 /* todolistUITests.xctest */;
			productType = "com.apple.product-type.bundle.ui-testing";
		};
/* End PBXNativeTarget section */

/* Begin PBXProject section */
		BA6C81B02B8CBBDF00C507B8 /* Project object */ = {
			isa = PBXProject;
			attributes = {
				BuildIndependentTargetsInParallel = 1;
				LastSwiftUpdateCheck = 1520;
				LastUpgradeCheck = 1520;
				TargetAttributes = {
					BA6C81B72B8CBBDF00C507B8 = {
						CreatedOnToolsVersion = 15.2;
					};
					BA6C81C72B8CBBE100C507B8 = {
						CreatedOnToolsVersion = 15.2;
						TestTargetID = BA6C81B72B8CBBDF00C507B8;
					};
					BA6C81D12B8CBBE100C507B8 = {
						CreatedOnToolsVersion = 15.2;
						TestTargetID = BA6C81B72B8CBBDF00C507B8;
					};
				};
			};
			buildConfigurationList = BA6C81B32B8CBBDF00C507B8 /* Build configuration list for PBXProject "todolist" */;
			compatibilityVersion = "Xcode 14.0";
			developmentRegion = en;
			hasScannedForEncodings = 0;
			knownRegions = (
				en,
				Base,
			);
			mainGroup = BA6C81AF2B8CBBDF00C507B8;
			productRefGroup = BA6C81B92B8CBBDF00C507B8 /* Products */;
			projectDirPath = "";
			projectRoot = "";
			targets = (
				BA6C81B72B8CBBDF00C507B8 /* todolist */,
				BA6C81C72B8CBBE100C507B8 /* todolistTests */,
				BA6C81D12B8CBBE100C507B8 /* todolistUITests */,
			);
		};
/* End PBXProject section */

/* Begin PBXResourcesBuildPhase section */
		BA6C81B62B8CBBDF00C507B8 /* Resources */ = {
			isa = PBXResourcesBuildPhase;
			buildActionMask = 2147483647;
			files = (
				BA6C81C32B8CBBE100C507B8 /* Preview Assets.xcassets in Resources */,
				BA6C81C02B8CBBE100C507B8 /* Assets.xcassets in Resources */,
			);
			runOnlyForDeploymentPostprocessing = 0;
		};
		BA6C81C62B8CBBE100C507B8 /* Resources */ = {
			isa = PBXResourcesBuildPhase;
			buildActionMask = 2147483647;
			files = (
			);
			runOnlyForDeploymentPostprocessing = 0;
		};
		BA6C81D02B8CBBE100C507B8 /* Resources */ = {
			isa = PBXResourcesBuildPhase;
			buildActionMask = 2147483647;
			files = (
			);
			runOnlyForDeploymentPostprocessing = 0;
		};
/* End PBXResourcesBuildPhase section */

/* Begin PBXSourcesBuildPhase section */
		BA6C81B42B8CBBDF00C507B8 /* Sources */ = {
			isa = PBXSourcesBuildPhase;
			buildActionMask = 2147483647;
			files = (
				BA6C81BE2B8CBBDF00C507B8 /* ContentView.swift in Sources */,
				BA6C81BC2B8CBBDF00C507B8 /* todolistApp.swift in Sources */,
			);
			runOnlyForDeploymentPostprocessing = 0;
		};
		BA6C81C42B8CBBE100C507B8 /* Sources */ = {
			isa = PBXSourcesBuildPhase;
			buildActionMask = 2147483647;
			files = (
				BA6C81CD2B8CBBE100C507B8 /* todolistTests.swift in Sources */,
			);
			runOnlyForDeploymentPostprocessing = 0;
		};
		BA6C81CE2B8CBBE100C507B8 /* Sources */ = {
			isa = PBXSourcesBuildPhase;
			buildActionMask = 2147483647;
			files = (
				BA6C81D92B8CBBE100C507B8 /* todolistUITestsLaunchTests.swift in Sources */,
				BA6C81D72B8CBBE100C507B8 /* todolistUITests.swift in Sources */,
			);
			runOnlyForDeploymentPostprocessing = 0;
		};
/* End PBXSourcesBuildPhase section */

/* Begin PBXTargetDependency section */
		BA6C81CA2B8CBBE100C507B8 /* PBXTargetDependency */ = {
			isa = PBXTargetDependency;
			target = BA6C81B72B8CBBDF00C507B8 /* todolist */;
			targetProxy = BA6C81C92B8CBBE100C507B8 /* PBXContainerItemProxy */;
		};
		BA6C81D42B8CBBE100C507B8 /* PBXTargetDependency */ = {
			isa = PBXTargetDependency;
			target = BA6C81B72B8CBBDF00C507B8 /* todolist */;
			targetProxy = BA6C81D32B8CBBE100C507B8 /* PBXContainerItemProxy */;
		};
/* End PBXTargetDependency section */

/* Begin XCBuildConfiguration section */
		BA6C81DA2B8CBBE100C507B8 /* Debug */ = {
			isa = XCBuildConfiguration;
			buildSettings = {
				ALWAYS_SEARCH_USER_PATHS = NO;
				ASSETCATALOG_COMPILER_GENERATE_SWIFT_ASSET_SYMBOL_EXTENSIONS = YES;
				CLANG_ANALYZER_NONNULL = YES;
				CLANG_ANALYZER_NUMBER_OBJECT_CONVERSION = YES_AGGRESSIVE;
				CLANG_CXX_LANGUAGE_STANDARD = "gnu++20";
				CLANG_ENABLE_MODULES = YES;
				CLANG_ENABLE_OBJC_ARC = YES;
				CLANG_ENABLE_OBJC_WEAK = YES;
				CLANG_WARN_BLOCK_CAPTURE_AUTORELEASING = YES;
				CLANG_WARN_BOOL_CONVERSION = YES;
				CLANG_WARN_COMMA = YES;
				CLANG_WARN_CONSTANT_CONVERSION = YES;
				CLANG_WARN_DEPRECATED_OBJC_IMPLEMENTATIONS = YES;
				CLANG_WARN_DIRECT_OBJC_ISA_USAGE = YES_ERROR;
				CLANG_WARN_DOCUMENTATION_COMMENTS = YES;
				CLANG_WARN_EMPTY_BODY = YES;
				CLANG_WARN_ENUM_CONVERSION = YES;
				CLANG_WARN_INFINITE_RECURSION = YES;
				CLANG_WARN_INT_CONVERSION = YES;
				CLANG_WARN_NON_LITERAL_NULL_CONVERSION = YES;
				CLANG_WARN_OBJC_IMPLICIT_RETAIN_SELF = YES;
				CLANG_WARN_OBJC_LITERAL_CONVERSION = YES;
				CLANG_WARN_OBJC_ROOT_CLASS = YES_ERROR;
				CLANG_WARN_QUOTED_INCLUDE_IN_FRAMEWORK_HEADER = YES;
				CLANG_WARN_RANGE_LOOP_ANALYSIS = YES;
				CLANG_WARN_STRICT_PROTOTYPES = YES;
				CLANG_WARN_SUSPICIOUS_MOVE = YES;
				CLANG_WARN_UNGUARDED_AVAILABILITY = YES_AGGRESSIVE;
				CLANG_WARN_UNREACHABLE_CODE = YES;
				CLANG_WARN__DUPLICATE_METHOD_MATCH = YES;
				COPY_PHASE_STRIP = NO;
				DEBUG_INFORMATION_FORMAT = dwarf;
				ENABLE_STRICT_OBJC_MSGSEND = YES;
				ENABLE_TESTABILITY = YES;
				ENABLE_USER_SCRIPT_SANDBOXING = YES;
				GCC_C_LANGUAGE_STANDARD = gnu17;
				GCC_DYNAMIC_NO_PIC = NO;
				GCC_NO_COMMON_BLOCKS = YES;
				GCC_OPTIMIZATION_LEVEL = 0;
				GCC_PREPROCESSOR_DEFINITIONS = (
					"DEBUG=1",
					"$(inherited)",
				);
				GCC_WARN_64_TO_32_BIT_CONVERSION = YES;
				GCC_WARN_ABOUT_RETURN_TYPE = YES_ERROR;
				GCC_WARN_UNDECLARED_SELECTOR = YES;
				GCC_WARN_UNINITIALIZED_AUTOS = YES_AGGRESSIVE;
				GCC_WARN_UNUSED_FUNCTION = YES;
				GCC_WARN_UNUSED_VARIABLE = YES;
				IPHONEOS_DEPLOYMENT_TARGET = 17.2;
				LOCALIZATION_PREFERS_STRING_CATALOGS = YES;
				MTL_ENABLE_DEBUG_INFO = INCLUDE_SOURCE;
				MTL_FAST_MATH = YES;
				ONLY_ACTIVE_ARCH = YES;
				SDKROOT = iphoneos;
				SWIFT_ACTIVE_COMPILATION_CONDITIONS = "DEBUG $(inherited)";
				SWIFT_OPTIMIZATION_LEVEL = "-Onone";
			};
			name = Debug;
		};
		BA6C81DB2B8CBBE100C507B8 /* Release */ = {
			isa = XCBuildConfiguration;
			buildSettings = {
				ALWAYS_SEARCH_USER_PATHS = NO;
				ASSETCATALOG_COMPILER_GENERATE_SWIFT_ASSET_SYMBOL_EXTENSIONS = YES;
				CLANG_ANALYZER_NONNULL = YES;
				CLANG_ANALYZER_NUMBER_OBJECT_CONVERSION = YES_AGGRESSIVE;
				CLANG_CXX_LANGUAGE_STANDARD = "gnu++20";
				CLANG_ENABLE_MODULES = YES;
				CLANG_ENABLE_OBJC_ARC = YES;
				CLANG_ENABLE_OBJC_WEAK = YES;
				CLANG_WARN_BLOCK_CAPTURE_AUTORELEASING = YES;
				CLANG_WARN_BOOL_CONVERSION = YES;
				CLANG_WARN_COMMA = YES;
				CLANG_WARN_CONSTANT_CONVERSION = YES;
				CLANG_WARN_DEPRECATED_OBJC_IMPLEMENTATIONS = YES;
				CLANG_WARN_DIRECT_OBJC_ISA_USAGE = YES_ERROR;
				CLANG_WARN_DOCUMENTATION_COMMENTS = YES;
				CLANG_WARN_EMPTY_BODY = YES;
				CLANG_WARN_ENUM_CONVERSION = YES;
				CLANG_WARN_INFINITE_RECURSION = YES;
				CLANG_WARN_INT_CONVERSION = YES;
				CLANG_WARN_NON_LITERAL_NULL_CONVERSION = YES;
				CLANG_WARN_OBJC_IMPLICIT_RETAIN_SELF = YES;
				CLANG_WARN_OBJC_LITERAL_CONVERSION = YES;
				CLANG_WARN_OBJC_ROOT_CLASS = YES_ERROR;
				CLANG_WARN_QUOTED_INCLUDE_IN_FRAMEWORK_HEADER = YES;
				CLANG_WARN_RANGE_LOOP_ANALYSIS = YES;
				CLANG_WARN_STRICT_PROTOTYPES = YES;
				CLANG_WARN_SUSPICIOUS_MOVE = YES;
				CLANG_WARN_UNGUARDED_AVAILABILITY = YES_AGGRESSIVE;
				CLANG_WARN_UNREACHABLE_CODE = YES;
				CLANG_WARN__DUPLICATE_METHOD_MATCH = YES;
				COPY_PHASE_STRIP = NO;
				DEBUG_INFORMATION_FORMAT = "dwarf-with-dsym";
				ENABLE_NS_ASSERTIONS = NO;
				ENABLE_STRICT_OBJC_MSGSEND = YES;
				ENABLE_USER_SCRIPT_SANDBOXING = YES;
				GCC_C_LANGUAGE_STANDARD = gnu17;
				GCC_NO_COMMON_BLOCKS = YES;
				GCC_WARN_64_TO_32_BIT_CONVERSION = YES;
				GCC_WARN_ABOUT_RETURN_TYPE = YES_ERROR;
				GCC_WARN_UNDECLARED_SELECTOR = YES;
				GCC_WARN_UNINITIALIZED_AUTOS = YES_AGGRESSIVE;
				GCC_WARN_UNUSED_FUNCTION = YES;
				GCC_WARN_UNUSED_VARIABLE = YES;
				IPHONEOS_DEPLOYMENT_TARGET = 17.2;
				LOCALIZATION_PREFERS_STRING_CATALOGS = YES;
				MTL_ENABLE_DEBUG_INFO = NO;
				MTL_FAST_MATH = YES;
				SDKROOT = iphoneos;
				SWIFT_COMPILATION_MODE = wholemodule;
				VALIDATE_PRODUCT = YES;
			};
			name = Release;
		};
		BA6C81DD2B8CBBE100C507B8 /* Debug */ = {
			isa = XCBuildConfiguration;
			buildSettings = {
				ASSETCATALOG_COMPILER_APPICON_NAME = AppIcon;
				ASSETCATALOG_COMPILER_GLOBAL_ACCENT_COLOR_NAME = AccentColor;
				CODE_SIGN_STYLE = Automatic;
				CURRENT_PROJECT_VERSION = 1;
				DEVELOPMENT_ASSET_PATHS = "\"todolist/Preview Content\"";
				ENABLE_PREVIEWS = YES;
				GENERATE_INFOPLIST_FILE = YES;
				INFOPLIST_KEY_UIApplicationSceneManifest_Generation = YES;
				INFOPLIST_KEY_UIApplicationSupportsIndirectInputEvents = YES;
				INFOPLIST_KEY_UILaunchScreen_Generation = YES;
				INFOPLIST_KEY_UISupportedInterfaceOrientations_iPad = "UIInterfaceOrientationPortrait UIInterfaceOrientationPortraitUpsideDown UIInterfaceOrientationLandscapeLeft UIInterfaceOrientationLandscapeRight";
				INFOPLIST_KEY_UISupportedInterfaceOrientations_iPhone = "UIInterfaceOrientationPortrait UIInterfaceOrientationLandscapeLeft UIInterfaceOrientationLandscapeRight";
				LD_RUNPATH_SEARCH_PATHS = (
					"$(inherited)",
					"@executable_path/Frameworks",
				);
				MARKETING_VERSION = 1.0;
				PRODUCT_BUNDLE_IDENTIFIER = com.averyanov.todolist;
				PRODUCT_NAME = "$(TARGET_NAME)";
				SWIFT_EMIT_LOC_STRINGS = YES;
				SWIFT_VERSION = 5.0;
				TARGETED_DEVICE_FAMILY = "1,2";
			};
			name = Debug;
		};
		BA6C81DE2B8CBBE100C507B8 /* Release */ = {
			isa = XCBuildConfiguration;
			buildSettings = {
				ASSETCATALOG_COMPILER_APPICON_NAME = AppIcon;
				ASSETCATALOG_COMPILER_GLOBAL_ACCENT_COLOR_NAME = AccentColor;
				CODE_SIGN_STYLE = Automatic;
				CURRENT_PROJECT_VERSION = 1;
				DEVELOPMENT_ASSET_PATHS = "\"todolist/Preview Content\"";
				ENABLE_PREVIEWS = YES;
				GENERATE_INFOPLIST_FILE = YES;
				INFOPLIST_KEY_UIApplicationSceneManifest_Generation = YES;
				INFOPLIST_KEY_UIApplicationSupportsIndirectInputEvents = YES;
				INFOPLIST_KEY_UILaunchScreen_Generation = YES;
				INFOPLIST_KEY_UISupportedInterfaceOrientations_iPad = "UIInterfaceOrientationPortrait UIInterfaceOrientationPortraitUpsideDown UIInterfaceOrientationLandscapeLeft UIInterfaceOrientationLandscapeRight";
				INFOPLIST_KEY_UISupportedInterfaceOrientations_iPhone = "UIInterfaceOrientationPortrait UIInterfaceOrientationLandscapeLeft UIInterfaceOrientationLandscapeRight";
				LD_RUNPATH_SEARCH_PATHS = (
					"$(inherited)",
					"@executable_path/Frameworks",
				);
				MARKETING_VERSION = 1.0;
				PRODUCT_BUNDLE_IDENTIFIER = com.averyanov.todolist;
				PRODUCT_NAME = "$(TARGET_NAME)";
				SWIFT_EMIT_LOC_STRINGS = YES;
				SWIFT_VERSION = 5.0;
				TARGETED_DEVICE_FAMILY = "1,2";
			};
			name = Release;
		};
		BA6C81E02B8CBBE100C507B8 /* Debug */ = {
			isa = XCBuildConfiguration;
			buildSettings = {
				ALWAYS_EMBED_SWIFT_STANDARD_LIBRARIES = YES;
				BUNDLE_LOADER = "$(TEST_HOST)";
				CODE_SIGN_STYLE = Automatic;
				CURRENT_PROJECT_VERSION = 1;
				GENERATE_INFOPLIST_FILE = YES;
				IPHONEOS_DEPLOYMENT_TARGET = 17.2;
				MARKETING_VERSION = 1.0;
				PRODUCT_BUNDLE_IDENTIFIER = com.averyanov.todolistTests;
				PRODUCT_NAME = "$(TARGET_NAME)";
				SWIFT_EMIT_LOC_STRINGS = NO;
				SWIFT_VERSION = 5.0;
				TARGETED_DEVICE_FAMILY = "1,2";
				TEST_HOST = "$(BUILT_PRODUCTS_DIR)/todolist.app/$(BUNDLE_EXECUTABLE_FOLDER_PATH)/todolist";
			};
			name = Debug;
		};
		BA6C81E12B8CBBE100C507B8 /* Release */ = {
			isa = XCBuildConfiguration;
			buildSettings = {
				ALWAYS_EMBED_SWIFT_STANDARD_LIBRARIES = YES;
				BUNDLE_LOADER = "$(TEST_HOST)";
				CODE_SIGN_STYLE = Automatic;
				CURRENT_PROJECT_VERSION = 1;
				GENERATE_INFOPLIST_FILE = YES;
				IPHONEOS_DEPLOYMENT_TARGET = 17.2;
				MARKETING_VERSION = 1.0;
				PRODUCT_BUNDLE_IDENTIFIER = com.averyanov.todolistTests;
				PRODUCT_NAME = "$(TARGET_NAME)";
				SWIFT_EMIT_LOC_STRINGS = NO;
				SWIFT_VERSION = 5.0;
				TARGETED_DEVICE_FAMILY = "1,2";
				TEST_HOST = "$(BUILT_PRODUCTS_DIR)/todolist.app/$(BUNDLE_EXECUTABLE_FOLDER_PATH)/todolist";
			};
			name = Release;
		};
		BA6C81E32B8CBBE100C507B8 /* Debug */ = {
			isa = XCBuildConfiguration;
			buildSettings = {
				ALWAYS_EMBED_SWIFT_STANDARD_LIBRARIES = YES;
				CODE_SIGN_STYLE = Automatic;
				CURRENT_PROJECT_VERSION = 1;
				GENERATE_INFOPLIST_FILE = YES;
				MARKETING_VERSION = 1.0;
				PRODUCT_BUNDLE_IDENTIFIER = com.averyanov.todolistUITests;
				PRODUCT_NAME = "$(TARGET_NAME)";
				SWIFT_EMIT_LOC_STRINGS = NO;
				SWIFT_VERSION = 5.0;
				TARGETED_DEVICE_FAMILY = "1,2";
				TEST_TARGET_NAME = todolist;
			};
			name = Debug;
		};
		BA6C81E42B8CBBE100C507B8 /* Release */ = {
			isa = XCBuildConfiguration;
			buildSettings = {
				ALWAYS_EMBED_SWIFT_STANDARD_LIBRARIES = YES;
				CODE_SIGN_STYLE = Automatic;
				CURRENT_PROJECT_VERSION = 1;
				GENERATE_INFOPLIST_FILE = YES;
				MARKETING_VERSION = 1.0;
				PRODUCT_BUNDLE_IDENTIFIER = com.averyanov.todolistUITests;
				PRODUCT_NAME = "$(TARGET_NAME)";
				SWIFT_EMIT_LOC_STRINGS = NO;
				SWIFT_VERSION = 5.0;
				TARGETED_DEVICE_FAMILY = "1,2";
				TEST_TARGET_NAME = todolist;
			};
			name = Release;
		};
/* End XCBuildConfiguration section */

/* Begin XCConfigurationList section */
		BA6C81B32B8CBBDF00C507B8 /* Build configuration list for PBXProject "todolist" */ = {
			isa = XCConfigurationList;
			buildConfigurations = (
				BA6C81DA2B8CBBE100C507B8 /* Debug */,
				BA6C81DB2B8CBBE100C507B8 /* Release */,
			);
			defaultConfigurationIsVisible = 0;
			defaultConfigurationName = Release;
		};
		BA6C81DC2B8CBBE100C507B8 /* Build configuration list for PBXNativeTarget "todolist" */ = {
			isa = XCConfigurationList;
			buildConfigurations = (
				BA6C81DD2B8CBBE100C507B8 /* Debug */,
				BA6C81DE2B8CBBE100C507B8 /* Release */,
			);
			defaultConfigurationIsVisible = 0;
			defaultConfigurationName = Release;
		};
		BA6C81DF2B8CBBE100C507B8 /* Build configuration list for PBXNativeTarget "todolistTests" */ = {
			isa = XCConfigurationList;
			buildConfigurations = (
				BA6C81E02B8CBBE100C507B8 /* Debug */,
				BA6C81E12B8CBBE100C507B8 /* Release */,
			);
			defaultConfigurationIsVisible = 0;
			defaultConfigurationName = Release;
		};
		BA6C81E22B8CBBE100C507B8 /* Build configuration list for PBXNativeTarget "todolistUITests" */ = {
			isa = XCConfigurationList;
			buildConfigurations = (
				BA6C81E32B8CBBE100C507B8 /* Debug */,
				BA6C81E42B8CBBE100C507B8 /* Release */,
			);
			defaultConfigurationIsVisible = 0;
			defaultConfigurationName = Release;
		};
/* End XCConfigurationList section */
	};
	rootObject = BA6C81B02B8CBBDF00C507B8 /* Project object */;
}
